{
  "name": "carapace-playground",
  "version": "0.1.0",
  "lockfileVersion": 3,
  "requires": true,
  "packages": {
    "": {
      "name": "carapace-playground",
      "version": "0.1.0",
      "dependencies": {
        "@carapacehq/detection-rules": "file:../carapace-detection-rules",
        "@carapacehq/express": "file:../carapace-js/packages/express"
      }
    },
    "../carapace-detection-rules": {
      "name": "@carapacehq/detection-rules",
      "version": "0.1.0"
    },
    "../carapace-js/packages/express": {
      "name": "@carapacehq/express",
      "version": "0.1.0"
    },
    "node_modules/@carapacehq/detection-rules": {
      "resolved": "../carapace-detection-rules",
      "link": true
    },
    "node_modules/@carapacehq/express": {
      "resolved": "../carapace-js/packages/express",
      "link": true
    }
  }
}
